
Microsoft Visual Studio Solution File, Format Version 12.00
# Visual Studio Version 16
VisualStudioVersion = 16.0.28711.60
MinimumVisualStudioVersion = 10.0.40219.1
Project("{FAE04EC0-301F-11D3-BF4B-00C04F79EFBC}") = "X-Signal.Main", "X-Signal.Main\X-Signal.Main.csproj", "{451827B4-6A9D-4786-9695-DB0227EDA326}"
EndProject
Project("{2150E333-8FDC-42A3-9474-1A3956D46DE8}") = "Theme", "Theme", "{426D1CCE-2DD6-4B35-AF2E-9A3F1D96FE6B}"
EndProject
Project("{2150E333-8FDC-42A3-9474-1A3956D46DE8}") = "Controls", "Controls", "{224F01DF-0987-4493-917A-E37C89B79D6D}"
EndProject
Project("{FAE04EC0-301F-11D3-BF4B-00C04F79EFBC}") = "ZdfFlatUI", "ZdfFlatUI\ZdfFlatUI.csproj", "{A5932ABC-910B-4A80-ADA0-0732FF08D520}"
EndProject
Project("{FAE04EC0-301F-11D3-BF4B-00C04F79EFBC}") = "BlueOrigin.Wpf.Controls", "WpfControls\BlueOrigin.Wpf.Controls.csproj", "{F52FD4F7-4B7E-48D3-B088-A7755A7B9868}"
EndProject
Project("{FAE04EC0-301F-11D3-BF4B-00C04F79EFBC}") = "BlueOrigin.Theme.Dark", "BlueOrigin.Theme.Dark\BlueOrigin.Theme.Dark.csproj", "{963F02F2-A873-437C-BD1B-4BA8F2284C87}"
EndProject
Project("{FAE04EC0-301F-11D3-BF4B-00C04F79EFBC}") = "XSignal.Helper", "XSignal.Helper\XSignal.Helper.csproj", "{94745A9C-9202-4217-AD11-052A619AAF95}"
EndProject
Project("{2150E333-8FDC-42A3-9474-1A3956D46DE8}") = "Infrastructure", "Infrastructure", "{3C32D308-FFD1-4B40-9D3A-C39497C042A5}"
EndProject
Project("{FAE04EC0-301F-11D3-BF4B-00C04F79EFBC}") = "UsingCompositeCommands.Core", "UsingCompositeCommands.Core\UsingCompositeCommands.Core.csproj", "{21BDF260-ADD4-418B-9E0D-C2F5C63A999E}"
EndProject
Project("{FAE04EC0-301F-11D3-BF4B-00C04F79EFBC}") = "UsingEventAggregator.Core", "UsingEventAggregator.Core\UsingEventAggregator.Core.csproj", "{E97A55B5-66F7-48C8-908D-C1C0C3D780C8}"
EndProject
Project("{2150E333-8FDC-42A3-9474-1A3956D46DE8}") = "Modules", "Modules", "{0B90E5B7-094B-4310-955C-3029017A5967}"
EndProject
Project("{FAE04EC0-301F-11D3-BF4B-00C04F79EFBC}") = "ModuleA", "ModuleA\ModuleA.csproj", "{AB8B448C-DD74-4D60-A041-3E5D03A32180}"
EndProject
Global
	GlobalSection(SolutionConfigurationPlatforms) = preSolution
		Debug|Any CPU = Debug|Any CPU
		Debug|x64 = Debug|x64
		Debug|x86 = Debug|x86
		Release|Any CPU = Release|Any CPU
		Release|x64 = Release|x64
		Release|x86 = Release|x86
	EndGlobalSection
	GlobalSection(ProjectConfigurationPlatforms) = postSolution
		{451827B4-6A9D-4786-9695-DB0227EDA326}.Debug|Any CPU.ActiveCfg = Debug|Any CPU
		{451827B4-6A9D-4786-9695-DB0227EDA326}.Debug|Any CPU.Build.0 = Debug|Any CPU
		{451827B4-6A9D-4786-9695-DB0227EDA326}.Debug|x64.ActiveCfg = Debug|Any CPU
		{451827B4-6A9D-4786-9695-DB0227EDA326}.Debug|x64.Build.0 = Debug|Any CPU
		{451827B4-6A9D-4786-9695-DB0227EDA326}.Debug|x86.ActiveCfg = Debug|Any CPU
		{451827B4-6A9D-4786-9695-DB0227EDA326}.Debug|x86.Build.0 = Debug|Any CPU
		{451827B4-6A9D-4786-9695-DB0227EDA326}.Release|Any CPU.ActiveCfg = Release|Any CPU
		{451827B4-6A9D-4786-9695-DB0227EDA326}.Release|Any CPU.Build.0 = Release|Any CPU
		{451827B4-6A9D-4786-9695-DB0227EDA326}.Release|x64.ActiveCfg = Release|Any CPU
		{451827B4-6A9D-4786-9695-DB0227EDA326}.Release|x64.Build.0 = Release|Any CPU
		{451827B4-6A9D-4786-9695-DB0227EDA326}.Release|x86.ActiveCfg = Release|Any CPU
		{451827B4-6A9D-4786-9695-DB0227EDA326}.Release|x86.Build.0 = Release|Any CPU
		{A5932ABC-910B-4A80-ADA0-0732FF08D520}.Debug|Any CPU.ActiveCfg = Debug|Any CPU
		{A5932ABC-910B-4A80-ADA0-0732FF08D520}.Debug|Any CPU.Build.0 = Debug|Any CPU
		{A5932ABC-910B-4A80-ADA0-0732FF08D520}.Debug|x64.ActiveCfg = Debug|x64
		{A5932ABC-910B-4A80-ADA0-0732FF08D520}.Debug|x64.Build.0 = Debug|x64
		{A5932ABC-910B-4A80-ADA0-0732FF08D520}.Debug|x86.ActiveCfg = Debug|x86
		{A5932ABC-910B-4A80-ADA0-0732FF08D520}.Debug|x86.Build.0 = Debug|x86
		{A5932ABC-910B-4A80-ADA0-0732FF08D520}.Release|Any CPU.ActiveCfg = Release|Any CPU
		{A5932ABC-910B-4A80-ADA0-0732FF08D520}.Release|Any CPU.Build.0 = Release|Any CPU
		{A5932ABC-910B-4A80-ADA0-0732FF08D520}.Release|x64.ActiveCfg = Release|x64
		{A5932ABC-910B-4A80-ADA0-0732FF08D520}.Release|x64.Build.0 = Release|x64
		{A5932ABC-910B-4A80-ADA0-0732FF08D520}.Release|x86.ActiveCfg = Release|x86
		{A5932ABC-910B-4A80-ADA0-0732FF08D520}.Release|x86.Build.0 = Release|x86
		{F52FD4F7-4B7E-48D3-B088-A7755A7B9868}.Debug|Any CPU.ActiveCfg = Debug|Any CPU
		{F52FD4F7-4B7E-48D3-B088-A7755A7B9868}.Debug|Any CPU.Build.0 = Debug|Any CPU
		{F52FD4F7-4B7E-48D3-B088-A7755A7B9868}.Debug|x64.ActiveCfg = Debug|x64
		{F52FD4F7-4B7E-48D3-B088-A7755A7B9868}.Debug|x64.Build.0 = Debug|x64
		{F52FD4F7-4B7E-48D3-B088-A7755A7B9868}.Debug|x86.ActiveCfg = Debug|Any CPU
		{F52FD4F7-4B7E-48D3-B088-A7755A7B9868}.Debug|x86.Build.0 = Debug|Any CPU
		{F52FD4F7-4B7E-48D3-B088-A7755A7B9868}.Release|Any CPU.ActiveCfg = Release|Any CPU
		{F52FD4F7-4B7E-48D3-B088-A7755A7B9868}.Release|Any CPU.Build.0 = Release|Any CPU
		{F52FD4F7-4B7E-48D3-B088-A7755A7B9868}.Release|x64.ActiveCfg = Release|x64
		{F52FD4F7-4B7E-48D3-B088-A7755A7B9868}.Release|x64.Build.0 = Release|x64
		{F52FD4F7-4B7E-48D3-B088-A7755A7B9868}.Release|x86.ActiveCfg = Release|Any CPU
		{F52FD4F7-4B7E-48D3-B088-A7755A7B9868}.Release|x86.Build.0 = Release|Any CPU
		{963F02F2-A873-437C-BD1B-4BA8F2284C87}.Debug|Any CPU.ActiveCfg = Debug|Any CPU
		{963F02F2-A873-437C-BD1B-4BA8F2284C87}.Debug|Any CPU.Build.0 = Debug|Any CPU
		{963F02F2-A873-437C-BD1B-4BA8F2284C87}.Debug|x64.ActiveCfg = Debug|x64
		{963F02F2-A873-437C-BD1B-4BA8F2284C87}.Debug|x64.Build.0 = Debug|x64
		{963F02F2-A873-437C-BD1B-4BA8F2284C87}.Debug|x86.ActiveCfg = Debug|Any CPU
		{963F02F2-A873-437C-BD1B-4BA8F2284C87}.Debug|x86.Build.0 = Debug|Any CPU
		{963F02F2-A873-437C-BD1B-4BA8F2284C87}.Release|Any CPU.ActiveCfg = Release|Any CPU
		{963F02F2-A873-437C-BD1B-4BA8F2284C87}.Release|Any CPU.Build.0 = Release|Any CPU
		{963F02F2-A873-437C-BD1B-4BA8F2284C87}.Release|x64.ActiveCfg = Release|x64
		{963F02F2-A873-437C-BD1B-4BA8F2284C87}.Release|x64.Build.0 = Release|x64
		{963F02F2-A873-437C-BD1B-4BA8F2284C87}.Release|x86.ActiveCfg = Release|Any CPU
		{963F02F2-A873-437C-BD1B-4BA8F2284C87}.Release|x86.Build.0 = Release|Any CPU
		{94745A9C-9202-4217-AD11-052A619AAF95}.Debug|Any CPU.ActiveCfg = Debug|Any CPU
		{94745A9C-9202-4217-AD11-052A619AAF95}.Debug|Any CPU.Build.0 = Debug|Any CPU
		{94745A9C-9202-4217-AD11-052A619AAF95}.Debug|x64.ActiveCfg = Debug|x64
		{94745A9C-9202-4217-AD11-052A619AAF95}.Debug|x64.Build.0 = Debug|x64
		{94745A9C-9202-4217-AD11-052A619AAF95}.Debug|x86.ActiveCfg = Debug|Any CPU
		{94745A9C-9202-4217-AD11-052A619AAF95}.Debug|x86.Build.0 = Debug|Any CPU
		{94745A9C-9202-4217-AD11-052A619AAF95}.Release|Any CPU.ActiveCfg = Release|Any CPU
		{94745A9C-9202-4217-AD11-052A619AAF95}.Release|Any CPU.Build.0 = Release|Any CPU
		{94745A9C-9202-4217-AD11-052A619AAF95}.Release|x64.ActiveCfg = Release|x64
		{94745A9C-9202-4217-AD11-052A619AAF95}.Release|x64.Build.0 = Release|x64
		{94745A9C-9202-4217-AD11-052A619AAF95}.Release|x86.ActiveCfg = Release|Any CPU
		{94745A9C-9202-4217-AD11-052A619AAF95}.Release|x86.Build.0 = Release|Any CPU
		{21BDF260-ADD4-418B-9E0D-C2F5C63A999E}.Debug|Any CPU.ActiveCfg = Debug|Any CPU
		{21BDF260-ADD4-418B-9E0D-C2F5C63A999E}.Debug|Any CPU.Build.0 = Debug|Any CPU
		{21BDF260-ADD4-418B-9E0D-C2F5C63A999E}.Debug|x64.ActiveCfg = Debug|Any CPU
		{21BDF260-ADD4-418B-9E0D-C2F5C63A999E}.Debug|x64.Build.0 = Debug|Any CPU
		{21BDF260-ADD4-418B-9E0D-C2F5C63A999E}.Debug|x86.ActiveCfg = Debug|Any CPU
		{21BDF260-ADD4-418B-9E0D-C2F5C63A999E}.Debug|x86.Build.0 = Debug|Any CPU
		{21BDF260-ADD4-418B-9E0D-C2F5C63A999E}.Release|Any CPU.ActiveCfg = Release|Any CPU
		{21BDF260-ADD4-418B-9E0D-C2F5C63A999E}.Release|Any CPU.Build.0 = Release|Any CPU
		{21BDF260-ADD4-418B-9E0D-C2F5C63A999E}.Release|x64.ActiveCfg = Release|Any CPU
		{21BDF260-ADD4-418B-9E0D-C2F5C63A999E}.Release|x64.Build.0 = Release|Any CPU
		{21BDF260-ADD4-418B-9E0D-C2F5C63A999E}.Release|x86.ActiveCfg = Release|Any CPU
		{21BDF260-ADD4-418B-9E0D-C2F5C63A999E}.Release|x86.Build.0 = Release|Any CPU
		{E97A55B5-66F7-48C8-908D-C1C0C3D780C8}.Debug|Any CPU.ActiveCfg = Debug|Any CPU
		{E97A55B5-66F7-48C8-908D-C1C0C3D780C8}.Debug|Any CPU.Build.0 = Debug|Any CPU
		{E97A55B5-66F7-48C8-908D-C1C0C3D780C8}.Debug|x64.ActiveCfg = Debug|Any CPU
		{E97A55B5-66F7-48C8-908D-C1C0C3D780C8}.Debug|x64.Build.0 = Debug|Any CPU
		{E97A55B5-66F7-48C8-908D-C1C0C3D780C8}.Debug|x86.ActiveCfg = Debug|Any CPU
		{E97A55B5-66F7-48C8-908D-C1C0C3D780C8}.Debug|x86.Build.0 = Debug|Any CPU
		{E97A55B5-66F7-48C8-908D-C1C0C3D780C8}.Release|Any CPU.ActiveCfg = Release|Any CPU
		{E97A55B5-66F7-48C8-908D-C1C0C3D780C8}.Release|Any CPU.Build.0 = Release|Any CPU
		{E97A55B5-66F7-48C8-908D-C1C0C3D780C8}.Release|x64.ActiveCfg = Release|Any CPU
		{E97A55B5-66F7-48C8-908D-C1C0C3D780C8}.Release|x64.Build.0 = Release|Any CPU
		{E97A55B5-66F7-48C8-908D-C1C0C3D780C8}.Release|x86.ActiveCfg = Release|Any CPU
		{E97A55B5-66F7-48C8-908D-C1C0C3D780C8}.Release|x86.Build.0 = Release|Any CPU
		{AB8B448C-DD74-4D60-A041-3E5D03A32180}.Debug|Any CPU.ActiveCfg = Debug|Any CPU
		{AB8B448C-DD74-4D60-A041-3E5D03A32180}.Debug|Any CPU.Build.0 = Debug|Any CPU
		{AB8B448C-DD74-4D60-A041-3E5D03A32180}.Debug|x64.ActiveCfg = Debug|Any CPU
		{AB8B448C-DD74-4D60-A041-3E5D03A32180}.Debug|x64.Build.0 = Debug|Any CPU
		{AB8B448C-DD74-4D60-A041-3E5D03A32180}.Debug|x86.ActiveCfg = Debug|Any CPU
		{AB8B448C-DD74-4D60-A041-3E5D03A32180}.Debug|x86.Build.0 = Debug|Any CPU
		{AB8B448C-DD74-4D60-A041-3E5D03A32180}.Release|Any CPU.ActiveCfg = Release|Any CPU
		{AB8B448C-DD74-4D60-A041-3E5D03A32180}.Release|Any CPU.Build.0 = Release|Any CPU
		{AB8B448C-DD74-4D60-A041-3E5D03A32180}.Release|x64.ActiveCfg = Release|Any CPU
		{AB8B448C-DD74-4D60-A041-3E5D03A32180}.Release|x64.Build.0 = Release|Any CPU
		{AB8B448C-DD74-4D60-A041-3E5D03A32180}.Release|x86.ActiveCfg = Release|Any CPU
		{AB8B448C-DD74-4D60-A041-3E5D03A32180}.Release|x86.Build.0 = Release|Any CPU
	EndGlobalSection
	GlobalSection(SolutionProperties) = preSolution
		HideSolutionNode = FALSE
	EndGlobalSection
	GlobalSection(NestedProjects) = preSolution
		{A5932ABC-910B-4A80-ADA0-0732FF08D520} = {224F01DF-0987-4493-917A-E37C89B79D6D}
		{F52FD4F7-4B7E-48D3-B088-A7755A7B9868} = {224F01DF-0987-4493-917A-E37C89B79D6D}
		{963F02F2-A873-437C-BD1B-4BA8F2284C87} = {426D1CCE-2DD6-4B35-AF2E-9A3F1D96FE6B}
		{21BDF260-ADD4-418B-9E0D-C2F5C63A999E} = {3C32D308-FFD1-4B40-9D3A-C39497C042A5}
		{E97A55B5-66F7-48C8-908D-C1C0C3D780C8} = {3C32D308-FFD1-4B40-9D3A-C39497C042A5}
		{AB8B448C-DD74-4D60-A041-3E5D03A32180} = {0B90E5B7-094B-4310-955C-3029017A5967}
	EndGlobalSection
	GlobalSection(ExtensibilityGlobals) = postSolution
		SolutionGuid = {96CC6CB3-582E-47CA-991B-E56320FD7D55}
	EndGlobalSection
EndGlobal
